
Microsoft Visual Studio Solution File, Format Version 12.00
# Visual Studio Version 17
VisualStudioVersion = 17.7.34031.279
MinimumVisualStudioVersion = 10.0.40219.1
Project("{FAE04EC0-301F-11D3-BF4B-00C04F79EFBC}") = "cottageRental2.1", "cottageRental2.1\cottageRental2.1.csproj", "{8CBC0B23-146B-4429-96C1-A24236FB30DF}"
EndProject
Global
	GlobalSection(SolutionConfigurationPlatforms) = preSolution
		Debug|Any CPU = Debug|Any CPU
		Release|Any CPU = Release|Any CPU
	EndGlobalSection
	GlobalSection(ProjectConfigurationPlatforms) = postSolution
		{8CBC0B23-146B-4429-96C1-A24236FB30DF}.Debug|Any CPU.ActiveCfg = Debug|Any CPU
		{8CBC0B23-146B-4429-96C1-A24236FB30DF}.Debug|Any CPU.Build.0 = Debug|Any CPU
		{8CBC0B23-146B-4429-96C1-A24236FB30DF}.Release|Any CPU.ActiveCfg = Release|Any CPU
		{8CBC0B23-146B-4429-96C1-A24236FB30DF}.Release|Any CPU.Build.0 = Release|Any CPU
	EndGlobalSection
	GlobalSection(SolutionProperties) = preSolution
		HideSolutionNode = FALSE
	EndGlobalSection
	GlobalSection(ExtensibilityGlobals) = postSolution
		SolutionGuid = {9F52FBEA-9FD7-494A-A1D4-C89541B55B92}
	EndGlobalSection
EndGlobal
